{
  "name": "cerodeuda",
  "version": "1.0.0",
  "lockfileVersion": 3,
  "requires": true,
  "packages": {
    "": {
      "name": "cerodeuda",
      "version": "1.0.0",
      "license": "ISC",
      "dependencies": {
        "@splidejs/splide": "^4.1.4",
        "@splidejs/splide-extension-auto-scroll": "^0.5.3",
        "@studio-freight/lenis": "^1.0.42",
        "@theatre/core": "^0.7.2",
        "@tsparticles/confetti": "^4.2.1",
        "aos": "^2.3.4",
        "bootstrap": "^5.3.8",
        "gsap": "^3.15.0",
        "lenis": "^1.3.24",
        "lottie-web": "^5.13.0",
        "rive-js": "^0.7.33",
        "swiper": "^12.2.0",
        "three": "^0.185.0"
      }
    },
    "node_modules/@popperjs/core": {
      "version": "2.11.8",
      "resolved": "https://registry.npmjs.org/@popperjs/core/-/core-2.11.8.tgz",
      "integrity": "sha512-P1st0aksCrn9sGZhp8GMYwBnQsbvAWsZAX44oXNNvLHGqAOcoVxmjZiohstwQ7SqKnbR47akdNi+uleWD8+g6A==",
      "license": "MIT",
      "peer": true,
      "funding": {
        "type": "opencollective",
        "url": "https://opencollective.com/popperjs"
      }
    },
    "node_modules/@splidejs/splide": {
      "version": "4.1.4",
      "resolved": "https://registry.npmjs.org/@splidejs/splide/-/splide-4.1.4.tgz",
      "integrity": "sha512-5I30evTJcAJQXt6vJ26g2xEkG+l1nXcpEw4xpKh0/FWQ8ozmAeTbtniVtVmz2sH1Es3vgfC4SS8B2X4o5JMptA==",
      "license": "MIT"
    },
    "node_modules/@splidejs/splide-extension-auto-scroll": {
      "version": "0.5.3",
      "resolved": "https://registry.npmjs.org/@splidejs/splide-extension-auto-scroll/-/splide-extension-auto-scroll-0.5.3.tgz",
      "integrity": "sha512-vPJ8Tn4uebnHa6scBcIypW154HTDenkazX9Nw8T1na44n7OtLoz40R4RoirteV7taPWW7w7ZZPCiEpi2ReYFAQ==",
      "license": "MIT"
    },
    "node_modules/@studio-freight/lenis": {
      "version": "1.0.42",
      "resolved": "https://registry.npmjs.org/@studio-freight/lenis/-/lenis-1.0.42.tgz",
      "integrity": "sha512-HJAGf2DeM+BTvKzHv752z6Z7zy6bA643nZM7W88Ft9tnw2GsJSp6iJ+3cekjyMIWH+cloL2U9X82dKXgdU8kPg==",
      "deprecated": "The '@studio-freight/lenis' package has been renamed to 'lenis'. Please update your dependencies: npm install lenis and visit the documentation: https://www.npmjs.com/package/lenis",
      "license": "MIT"
    },
    "node_modules/@theatre/core": {
      "version": "0.7.2",
      "resolved": "https://registry.npmjs.org/@theatre/core/-/core-0.7.2.tgz",
      "integrity": "sha512-IDQa/6WY7mIJAtsSd4EgNcM0IUZkl+FrqZ8DdYiCVTFap9ARDNmrngJOeFjJOsnnaHlc5GdEB/jj7fsjbIrAzQ==",
      "license": "Apache-2.0",
      "dependencies": {
        "@theatre/dataverse": "0.7.2"
      }
    },
    "node_modules/@theatre/dataverse": {
      "version": "0.7.2",
      "resolved": "https://registry.npmjs.org/@theatre/dataverse/-/dataverse-0.7.2.tgz",
      "integrity": "sha512-YyfoyX7EyhFUY2OM5fsM0LPrs1SdgLwpiTMkkvTIoZLdOwvQhstjYq4Yz/8ZncJlRoTWvakfmgvCaBN+QuBYxg==",
      "license": "Apache-2.0",
      "dependencies": {
        "lodash-es": "^4.17.21"
      }
    },
    "node_modules/@tsparticles/animation-utils": {
      "version": "4.2.1",
      "resolved": "https://registry.npmjs.org/@tsparticles/animation-utils/-/animation-utils-4.2.1.tgz",
      "integrity": "sha512-7y2d7Q0lFo2qzst3Pz7mxp4bJUVwX/n3uMpHjGtn4jzY5wHGl/mb+uD2+Ed8Z8D0LlQ4SyB64BEH5K6W9jgVnw==",
      "funding": [
        {
          "type": "github",
          "url": "https://github.com/sponsors/matteobruni"
        },
        {
          "type": "github",
          "url": "https://github.com/sponsors/tsparticles"
        },
        {
          "type": "buymeacoffee",
          "url": "https://www.buymeacoffee.com/matteobruni"
        }
      ],
      "license": "MIT",
      "peerDependencies": {
        "@tsparticles/engine": "4.2.1"
      }
    },
    "node_modules/@tsparticles/basic": {
      "version": "4.2.1",
      "resolved": "https://registry.npmjs.org/@tsparticles/basic/-/basic-4.2.1.tgz",
      "integrity": "sha512-AP6bKrO4wLUBh9+SHUZwzb1OKHBKW/E6UMVaGtA2MuMR3X3q0V3SkI0rzprhvGIJ3wiCfTgwD4n0suovN1qzGQ==",
      "funding": [
        {
          "type": "github",
          "url": "https://github.com/sponsors/matteobruni"
        },
        {
          "type": "github",
          "url": "https://github.com/sponsors/tsparticles"
        },
        {
          "type": "buymeacoffee",
          "url": "https://www.buymeacoffee.com/matteobruni"
        }
      ],
      "license": "MIT",
      "dependencies": {
        "@tsparticles/engine": "4.2.1",
        "@tsparticles/plugin-blend": "4.2.1",
        "@tsparticles/plugin-hex-color": "4.2.1",
        "@tsparticles/plugin-hsl-color": "4.2.1",
        "@tsparticles/plugin-move": "4.2.1",
        "@tsparticles/plugin-rgb-color": "4.2.1",
        "@tsparticles/shape-circle": "4.2.1",
        "@tsparticles/updater-opacity": "4.2.1",
        "@tsparticles/updater-out-modes": "4.2.1",
        "@tsparticles/updater-paint": "4.2.1",
        "@tsparticles/updater-size": "4.2.1"
      }
    },
    "node_modules/@tsparticles/canvas-utils": {
      "version": "4.2.1",
      "resolved": "https://registry.npmjs.org/@tsparticles/canvas-utils/-/canvas-utils-4.2.1.tgz",
      "integrity": "sha512-M/8wtupDKid9Hr7OQYOBJFodLPJeCk1BRz4GuTDsf1CnXw3TQwEHcE70NGJfwjWzodwM4ilIF2/aXOcqu4kSXQ==",
      "funding": [
        {
          "type": "github",
          "url": "https://github.com/sponsors/matteobruni"
        },
        {
          "type": "github",
          "url": "https://github.com/sponsors/tsparticles"
        },
        {
          "type": "buymeacoffee",
          "url": "https://www.buymeacoffee.com/matteobruni"
        }
      ],
      "license": "MIT",
      "peerDependencies": {
        "@tsparticles/engine": "4.2.1"
      }
    },
    "node_modules/@tsparticles/confetti": {
      "version": "4.2.1",
      "resolved": "https://registry.npmjs.org/@tsparticles/confetti/-/confetti-4.2.1.tgz",
      "integrity": "sha512-pXHZv6+EU1fO6J7wCuXXKgKZ5qQsHWi3M3wURKkUdJ0Q/SEF6X/yueIWGhfaZAJVUDnieH6yCu3acFIs19n8kQ==",
      "funding": [
        {
          "type": "github",
          "url": "https://github.com/sponsors/matteobruni"
        },
        {
          "type": "github",
          "url": "https://github.com/sponsors/tsparticles"
        },
        {
          "type": "buymeacoffee",
          "url": "https://www.buymeacoffee.com/matteobruni"
        }
      ],
      "license": "MIT",
      "dependencies": {
        "@tsparticles/basic": "4.2.1",
        "@tsparticles/engine": "4.2.1",
        "@tsparticles/plugin-emitters": "4.2.1",
        "@tsparticles/plugin-motion": "4.2.1",
        "@tsparticles/shape-cards": "4.2.1",
        "@tsparticles/shape-emoji": "4.2.1",
        "@tsparticles/shape-heart": "4.2.1",
        "@tsparticles/shape-image": "4.2.1",
        "@tsparticles/shape-polygon": "4.2.1",
        "@tsparticles/shape-square": "4.2.1",
        "@tsparticles/shape-star": "4.2.1",
        "@tsparticles/updater-life": "4.2.1",
        "@tsparticles/updater-roll": "4.2.1",
        "@tsparticles/updater-rotate": "4.2.1",
        "@tsparticles/updater-tilt": "4.2.1",
        "@tsparticles/updater-wobble": "4.2.1"
      }
    },
    "node_modules/@tsparticles/engine": {
      "version": "4.2.1",
      "resolved": "https://registry.npmjs.org/@tsparticles/engine/-/engine-4.2.1.tgz",
      "integrity": "sha512-OXNAG4MxgIaLQ6rzXdfmLRLAv7V0pHdh+yfHOSNQDYw4eCqT4vjh9ZAMJaogagU9Pd4xTLq9BjVsZNyjUh4KqA==",
      "funding": [
        {
          "type": "github",
          "url": "https://github.com/sponsors/matteobruni"
        },
        {
          "type": "github",
          "url": "https://github.com/sponsors/tsparticles"
        },
        {
          "type": "buymeacoffee",
          "url": "https://www.buymeacoffee.com/matteobruni"
        }
      ],
      "hasInstallScript": true,
      "license": "MIT"
    },
    "node_modules/@tsparticles/path-utils": {
      "version": "4.2.1",
      "resolved": "https://registry.npmjs.org/@tsparticles/path-utils/-/path-utils-4.2.1.tgz",
      "integrity": "sha512-hn2PCtVkfpi8BNLILeEdZugIs2d+yAKkoJ+cD9n+hcF1IG4b9oOFfjoXNcGLybNWavBBdy330GgMdpmD/FGIiw==",
      "funding": [
        {
          "type": "github",
          "url": "https://github.com/sponsors/matteobruni"
        },
        {
          "type": "github",
          "url": "https://github.com/sponsors/tsparticles"
        },
        {
          "type": "buymeacoffee",
          "url": "https://www.buymeacoffee.com/matteobruni"
        }
      ],
      "license": "MIT",
      "peerDependencies": {
        "@tsparticles/engine": "4.2.1"
      }
    },
    "node_modules/@tsparticles/plugin-blend": {
      "version": "4.2.1",
      "resolved": "https://registry.npmjs.org/@tsparticles/plugin-blend/-/plugin-blend-4.2.1.tgz",
      "integrity": "sha512-XFLyXGqvacqSlifkczHspiWUglpTnhVOp6oztA7zN0tt5YUG8q9fB1r5378mm4NmgRyyoiWrqix6S21P5azS5g==",
      "license": "MIT",
      "peerDependencies": {
        "@tsparticles/engine": "4.2.1"
      }
    },
    "node_modules/@tsparticles/plugin-emitters": {
      "version": "4.2.1",
      "resolved": "https://registry.npmjs.org/@tsparticles/plugin-emitters/-/plugin-emitters-4.2.1.tgz",
      "integrity": "sha512-vcXj5Hm1CJlYsvSKyfqwLfAaYL/vHiRTPSxlqcaz0FUkbQaiCwmGAN3yJ3krAYhxppxCsbZ3cqx502aiDyghEA==",
      "license": "MIT",
      "peerDependencies": {
        "@tsparticles/engine": "4.2.1",
        "@tsparticles/plugin-interactivity": "4.2.1"
      },
      "peerDependenciesMeta": {
        "@tsparticles/plugin-interactivity": {
          "optional": true
        }
      }
    },
    "node_modules/@tsparticles/plugin-hex-color": {
      "version": "4.2.1",
      "resolved": "https://registry.npmjs.org/@tsparticles/plugin-hex-color/-/plugin-hex-color-4.2.1.tgz",
      "integrity": "sha512-ryfduhYaH6eZ457axO7dZaGoyW2T/+AadeIhURHP9LvhBlpHpATaWKYowMSsq1+j6qq4hq5wNkE2UX1Xpe2elw==",
      "funding": [
        {
          "type": "github",
          "url": "https://github.com/sponsors/matteobruni"
        },
        {
          "type": "github",
          "url": "https://github.com/sponsors/tsparticles"
        },
        {
          "type": "buymeacoffee",
          "url": "https://www.buymeacoffee.com/matteobruni"
        }
      ],
      "license": "MIT",
      "peerDependencies": {
        "@tsparticles/engine": "4.2.1"
      }
    },
    "node_modules/@tsparticles/plugin-hsl-color": {
      "version": "4.2.1",
      "resolved": "https://registry.npmjs.org/@tsparticles/plugin-hsl-color/-/plugin-hsl-color-4.2.1.tgz",
      "integrity": "sha512-TAcoPnQE2Gacdv79J90t+Z1QDxtpBuVNBDwsVuNl/MbsVsrqyXHnOoIqmpZcpbEbryKk1bwP7pyxE32ASnB+FQ==",
      "funding": [
        {
          "type": "github",
          "url": "https://github.com/sponsors/matteobruni"
        },
        {
          "type": "github",
          "url": "https://github.com/sponsors/tsparticles"
        },
        {
          "type": "buymeacoffee",
          "url": "https://www.buymeacoffee.com/matteobruni"
        }
      ],
      "license": "MIT",
      "peerDependencies": {
        "@tsparticles/engine": "4.2.1"
      }
    },
    "node_modules/@tsparticles/plugin-motion": {
      "version": "4.2.1",
      "resolved": "https://registry.npmjs.org/@tsparticles/plugin-motion/-/plugin-motion-4.2.1.tgz",
      "integrity": "sha512-Uej4mJH95I2inVKxn0YSnA3B6R6Nr0vF3KZZIhu/8daEUrU2BHmfJJn4VUsT2XJkmS5B6Qm55FG5VS8WmLml4Q==",
      "license": "MIT",
      "peerDependencies": {
        "@tsparticles/engine": "4.2.1"
      }
    },
    "node_modules/@tsparticles/plugin-move": {
      "version": "4.2.1",
      "resolved": "https://registry.npmjs.org/@tsparticles/plugin-move/-/plugin-move-4.2.1.tgz",
      "integrity": "sha512-Ds7aAB1d0zEAC+LLQc1SVHuGsGVAH9ber4EmfByDD/hQrwcdPMA1CSHgGuk+mcyXqz7+VJGi4O2QM7YTAYFLnQ==",
      "license": "MIT",
      "peerDependencies": {
        "@tsparticles/engine": "4.2.1"
      }
    },
    "node_modules/@tsparticles/plugin-rgb-color": {
      "version": "4.2.1",
      "resolved": "https://registry.npmjs.org/@tsparticles/plugin-rgb-color/-/plugin-rgb-color-4.2.1.tgz",
      "integrity": "sha512-qoS/4H4/SfwbWkfXI2J172R4AHhia8C6fgvIa6THEaakKH0KlAwfJf6pTz0P8STSHCbOvBfbJ59SqRD+4rshHQ==",
      "funding": [
        {
          "type": "github",
          "url": "https://github.com/sponsors/matteobruni"
        },
        {
          "type": "github",
          "url": "https://github.com/sponsors/tsparticles"
        },
        {
          "type": "buymeacoffee",
          "url": "https://www.buymeacoffee.com/matteobruni"
        }
      ],
      "license": "MIT",
      "peerDependencies": {
        "@tsparticles/engine": "4.2.1"
      }
    },
    "node_modules/@tsparticles/shape-cards": {
      "version": "4.2.1",
      "resolved": "https://registry.npmjs.org/@tsparticles/shape-cards/-/shape-cards-4.2.1.tgz",
      "integrity": "sha512-etgXGmaq4be1zDyIOIKDeT6AtrWagpyfnJR3AkirUB29Wva26oUkqQl2x+k1Docakl5lGNQhRavXujLxrEr9wg==",
      "funding": [
        {
          "type": "github",
          "url": "https://github.com/sponsors/matteobruni"
        },
        {
          "type": "github",
          "url": "https://github.com/sponsors/tsparticles"
        },
        {
          "type": "buymeacoffee",
          "url": "https://www.buymeacoffee.com/matteobruni"
        }
      ],
      "license": "MIT",
      "dependencies": {
        "@tsparticles/path-utils": "4.2.1"
      },
      "peerDependencies": {
        "@tsparticles/engine": "4.2.1"
      }
    },
    "node_modules/@tsparticles/shape-circle": {
      "version": "4.2.1",
      "resolved": "https://registry.npmjs.org/@tsparticles/shape-circle/-/shape-circle-4.2.1.tgz",
      "integrity": "sha512-Vid0Ts+edAFWuUmywJQR076wiRGVmbj2cVp47aMu2jHsgETgUgpn+eHuJ4CHedhaDwWACoS1vU+YN9m3r5r3Zg==",
      "license": "MIT",
      "peerDependencies": {
        "@tsparticles/engine": "4.2.1"
      }
    },
    "node_modules/@tsparticles/shape-emoji": {
      "version": "4.2.1",
      "resolved": "https://registry.npmjs.org/@tsparticles/shape-emoji/-/shape-emoji-4.2.1.tgz",
      "integrity": "sha512-HhSRTbhLxA4Kt2vMvTo5DCzxz4t7gC3cdVdv1YbltN2XM1c+B4HbxWddYUwLhYYL/tB6+GdLPXGb8rbUJO/l/w==",
      "license": "MIT",
      "dependencies": {
        "@tsparticles/canvas-utils": "4.2.1"
      },
      "peerDependencies": {
        "@tsparticles/engine": "4.2.1"
      }
    },
    "node_modules/@tsparticles/shape-heart": {
      "version": "4.2.1",
      "resolved": "https://registry.npmjs.org/@tsparticles/shape-heart/-/shape-heart-4.2.1.tgz",
      "integrity": "sha512-tARb0g6ZATA/AGv61zoaqmGOqHNeduk/SO/qQXHMUiPQL7845xnyoJx35uEieeyHH+4K0BHTVZU5akRvNBt90Q==",
      "funding": [
        {
          "type": "github",
          "url": "https://github.com/sponsors/matteobruni"
        },
        {
          "type": "github",
          "url": "https://github.com/sponsors/tsparticles"
        },
        {
          "type": "buymeacoffee",
          "url": "https://www.buymeacoffee.com/matteobruni"
        }
      ],
      "license": "MIT",
      "peerDependencies": {
        "@tsparticles/engine": "4.2.1"
      }
    },
    "node_modules/@tsparticles/shape-image": {
      "version": "4.2.1",
      "resolved": "https://registry.npmjs.org/@tsparticles/shape-image/-/shape-image-4.2.1.tgz",
      "integrity": "sha512-BVfdnh5Mj1iSLSEuzYtaunCdnK/TtIsS5GTuKAmJpj2YLyjYYSMghvJ9DNcWCOcbmfwcIw6n8k2hE/kKZR/Viw==",
      "license": "MIT",
      "peerDependencies": {
        "@tsparticles/engine": "4.2.1"
      }
    },
    "node_modules/@tsparticles/shape-polygon": {
      "version": "4.2.1",
      "resolved": "https://registry.npmjs.org/@tsparticles/shape-polygon/-/shape-polygon-4.2.1.tgz",
      "integrity": "sha512-UBRZDnIA1pugLlzxa8jCi5vwNsVg5cizNZUpT0xWUKMYxedki1J8UxQgv9GkDy8RHXhBvcRddB9IKCwkFulbrA==",
      "license": "MIT",
      "peerDependencies": {
        "@tsparticles/engine": "4.2.1"
      }
    },
    "node_modules/@tsparticles/shape-square": {
      "version": "4.2.1",
      "resolved": "https://registry.npmjs.org/@tsparticles/shape-square/-/shape-square-4.2.1.tgz",
      "integrity": "sha512-6DW+GcK5gX+xvSQhLiG+D7oVzf8BHfFKqJi04Zfw4YFjBHDIn+EfekbdZeHzsPghCgDVXM03RS0exxatIuqogw==",
      "license": "MIT",
      "peerDependencies": {
        "@tsparticles/engine": "4.2.1"
      }
    },
    "node_modules/@tsparticles/shape-star": {
      "version": "4.2.1",
      "resolved": "https://registry.npmjs.org/@tsparticles/shape-star/-/shape-star-4.2.1.tgz",
      "integrity": "sha512-gVmM3PegkI5BPMBFmzdmxbR4w+CE1MvXM4f56OlXGJGLP722BFdc7W+waXwZIIHqRkccNNOiAyHyv41rF3A/1Q==",
      "license": "MIT",
      "peerDependencies": {
        "@tsparticles/engine": "4.2.1"
      }
    },
    "node_modules/@tsparticles/updater-life": {
      "version": "4.2.1",
      "resolved": "https://registry.npmjs.org/@tsparticles/updater-life/-/updater-life-4.2.1.tgz",
      "integrity": "sha512-PvV90nBKVv09XD70qllVslqMLPnVYCk6EQ/kWSdAJLNyDej7NmEhzpizWPE5mmk7+vYpfW2P5FpwW6g2NrGFpg==",
      "license": "MIT",
      "peerDependencies": {
        "@tsparticles/engine": "4.2.1"
      }
    },
    "node_modules/@tsparticles/updater-opacity": {
      "version": "4.2.1",
      "resolved": "https://registry.npmjs.org/@tsparticles/updater-opacity/-/updater-opacity-4.2.1.tgz",
      "integrity": "sha512-Iq0F7CbrRFeTyjxZfrGQDP1XvMowK5P3N11iwUyaMZ+3gq54ORuN07Y7CvRLY2b6PQn/3OoMIVWb3jBzBrr69A==",
      "license": "MIT",
      "dependencies": {
        "@tsparticles/animation-utils": "4.2.1"
      },
      "peerDependencies": {
        "@tsparticles/engine": "4.2.1"
      }
    },
    "node_modules/@tsparticles/updater-out-modes": {
      "version": "4.2.1",
      "resolved": "https://registry.npmjs.org/@tsparticles/updater-out-modes/-/updater-out-modes-4.2.1.tgz",
      "integrity": "sha512-zvpzLc7PUITEboYaSwDhrJEYiGrkSINeHTbbjq+P5SUEi7i+HCWvBSMIeYEjYW0nQX+ur0c66XZWzMddeyuUQA==",
      "license": "MIT",
      "peerDependencies": {
        "@tsparticles/engine": "4.2.1"
      }
    },
    "node_modules/@tsparticles/updater-paint": {
      "version": "4.2.1",
      "resolved": "https://registry.npmjs.org/@tsparticles/updater-paint/-/updater-paint-4.2.1.tgz",
      "integrity": "sha512-ECUMKcCTfewqC2RiOR3JAkmiuNDRihb4KCqxg84y44mE7ynA6RixQwmhwW6stP1TbNQ+qCpynohQ8ffvFBS6cA==",
      "license": "MIT",
      "peerDependencies": {
        "@tsparticles/engine": "4.2.1"
      }
    },
    "node_modules/@tsparticles/updater-roll": {
      "version": "4.2.1",
      "resolved": "https://registry.npmjs.org/@tsparticles/updater-roll/-/updater-roll-4.2.1.tgz",
      "integrity": "sha512-ItFXEAd3d49bdcBUqW1KS0xrDOsXTWeuLh72MLhGNIu2wZJVFdjbgAbEbZeH+ERr8sGZX0HqXRyPK2bYU1bV2A==",
      "license": "MIT",
      "peerDependencies": {
        "@tsparticles/engine": "4.2.1"
      }
    },
    "node_modules/@tsparticles/updater-rotate": {
      "version": "4.2.1",
      "resolved": "https://registry.npmjs.org/@tsparticles/updater-rotate/-/updater-rotate-4.2.1.tgz",
      "integrity": "sha512-lfQU2DEmo57fWDX+5WVBknP8VoLWZSECd00Unvf0cwydF6CaK/03ERKYw9CyIySYACObDmLRoFKzWmndxtIZlA==",
      "license": "MIT",
      "dependencies": {
        "@tsparticles/animation-utils": "4.2.1"
      },
      "peerDependencies": {
        "@tsparticles/engine": "4.2.1"
      }
    },
    "node_modules/@tsparticles/updater-size": {
      "version": "4.2.1",
      "resolved": "https://registry.npmjs.org/@tsparticles/updater-size/-/updater-size-4.2.1.tgz",
      "integrity": "sha512-qZnD8PLO5TqOHx16Xg7niGnj3IIyqV3fX/NJY3N3lDt9TBc73B8RMBV57vo/G70JH5KBXnEO+7iQZywAJtH5BQ==",
      "license": "MIT",
      "dependencies": {
        "@tsparticles/animation-utils": "4.2.1"
      },
      "peerDependencies": {
        "@tsparticles/engine": "4.2.1"
      }
    },
    "node_modules/@tsparticles/updater-tilt": {
      "version": "4.2.1",
      "resolved": "https://registry.npmjs.org/@tsparticles/updater-tilt/-/updater-tilt-4.2.1.tgz",
      "integrity": "sha512-RqYUTTZB6nW3iUyIR2Ui77TAFQOR+BRJUruvCkW/D+RZwwE8xRPbdb2oA0cpTjUDbEFQ2ciCASz/E3l4p0OYXw==",
      "license": "MIT",
      "dependencies": {
        "@tsparticles/animation-utils": "4.2.1"
      },
      "peerDependencies": {
        "@tsparticles/engine": "4.2.1"
      }
    },
    "node_modules/@tsparticles/updater-wobble": {
      "version": "4.2.1",
      "resolved": "https://registry.npmjs.org/@tsparticles/updater-wobble/-/updater-wobble-4.2.1.tgz",
      "integrity": "sha512-6F3xCBBNl0PfMvcafajZcZSwImMVzrl3S2Uo6GByZuAlHX9tWiGvFTpW5Q0MLfJ1R/kpS60y6omOBQV5CFe+ew==",
      "license": "MIT",
      "peerDependencies": {
        "@tsparticles/engine": "4.2.1"
      }
    },
    "node_modules/aos": {
      "version": "2.3.4",
      "resolved": "https://registry.npmjs.org/aos/-/aos-2.3.4.tgz",
      "integrity": "sha512-zh/ahtR2yME4I51z8IttIt4lC1Nw0ktsFtmeDzID1m9naJnWXhCoARaCgNOGXb5CLy3zm+wqmRAEgMYB5E2HUw==",
      "license": "MIT",
      "dependencies": {
        "classlist-polyfill": "^1.0.3",
        "lodash.debounce": "^4.0.6",
        "lodash.throttle": "^4.0.1"
      }
    },
    "node_modules/bootstrap": {
      "version": "5.3.8",
      "resolved": "https://registry.npmjs.org/bootstrap/-/bootstrap-5.3.8.tgz",
      "integrity": "sha512-HP1SZDqaLDPwsNiqRqi5NcP0SSXciX2s9E+RyqJIIqGo+vJeN5AJVM98CXmW/Wux0nQ5L7jeWUdplCEf0Ee+tg==",
      "funding": [
        {
          "type": "github",
          "url": "https://github.com/sponsors/twbs"
        },
        {
          "type": "opencollective",
          "url": "https://opencollective.com/bootstrap"
        }
      ],
      "license": "MIT",
      "peerDependencies": {
        "@popperjs/core": "^2.11.8"
      }
    },
    "node_modules/classlist-polyfill": {
      "version": "1.2.0",
      "resolved": "https://registry.npmjs.org/classlist-polyfill/-/classlist-polyfill-1.2.0.tgz",
      "integrity": "sha512-GzIjNdcEtH4ieA2S8NmrSxv7DfEV5fmixQeyTmqmRmRJPGpRBaSnA2a0VrCjyT8iW8JjEdMbKzDotAJf+ajgaQ==",
      "license": "Unlicense"
    },
    "node_modules/gsap": {
      "version": "3.15.0",
      "resolved": "https://registry.npmjs.org/gsap/-/gsap-3.15.0.tgz",
      "integrity": "sha512-dMW4CWBTUK1AEEDeZc1g4xpPGIrSf9fJF960qbTZmN/QwZIWY5wgliS6JWl9/25fpTGJrMRtSjGtOmPnfjZB+A==",
      "license": "Standard 'no charge' license: https://gsap.com/standard-license."
    },
    "node_modules/lenis": {
      "version": "1.3.24",
      "resolved": "https://registry.npmjs.org/lenis/-/lenis-1.3.24.tgz",
      "integrity": "sha512-UdWz0Bx/Z9dDgRdWe+N1dPmPWXGCF4VOTX3mugyX7lRpdjXG6ACfLI/cVmDOEMeQXf+j5Km/uKrvvf1X0k+u6g==",
      "license": "MIT",
      "workspaces": [
        "packages/*",
        "playground",
        "playground/*"
      ],
      "funding": {
        "type": "github",
        "url": "https://github.com/sponsors/darkroomengineering"
      },
      "peerDependencies": {
        "@nuxt/kit": ">=3.0.0",
        "react": ">=17.0.0",
        "vue": ">=3.0.0"
      },
      "peerDependenciesMeta": {
        "@nuxt/kit": {
          "optional": true
        },
        "react": {
          "optional": true
        },
        "vue": {
          "optional": true
        }
      }
    },
    "node_modules/lodash-es": {
      "version": "4.18.1",
      "resolved": "https://registry.npmjs.org/lodash-es/-/lodash-es-4.18.1.tgz",
      "integrity": "sha512-J8xewKD/Gk22OZbhpOVSwcs60zhd95ESDwezOFuA3/099925PdHJ7OFHNTGtajL3AlZkykD32HykiMo+BIBI8A==",
      "license": "MIT"
    },
    "node_modules/lodash.debounce": {
      "version": "4.0.8",
      "resolved": "https://registry.npmjs.org/lodash.debounce/-/lodash.debounce-4.0.8.tgz",
      "integrity": "sha512-FT1yDzDYEoYWhnSGnpE/4Kj1fLZkDFyqRb7fNt6FdYOSxlUWAtp42Eh6Wb0rGIv/m9Bgo7x4GhQbm5Ys4SG5ow==",
      "license": "MIT"
    },
    "node_modules/lodash.throttle": {
      "version": "4.1.1",
      "resolved": "https://registry.npmjs.org/lodash.throttle/-/lodash.throttle-4.1.1.tgz",
      "integrity": "sha512-wIkUCfVKpVsWo3JSZlc+8MB5it+2AN5W8J7YVMST30UrvcQNZ1Okbj+rbVniijTWE6FGYy4XJq/rHkas8qJMLQ==",
      "license": "MIT"
    },
    "node_modules/lottie-web": {
      "version": "5.13.0",
      "resolved": "https://registry.npmjs.org/lottie-web/-/lottie-web-5.13.0.tgz",
      "integrity": "sha512-+gfBXl6sxXMPe8tKQm7qzLnUy5DUPJPKIyRHwtpCpyUEYjHYRJC/5gjUvdkuO2c3JllrPtHXH5UJJK8LRYl5yQ==",
      "license": "MIT"
    },
    "node_modules/rive-js": {
      "version": "0.7.33",
      "resolved": "https://registry.npmjs.org/rive-js/-/rive-js-0.7.33.tgz",
      "integrity": "sha512-u/dqr4XYx1TOo5xtSCN+6YvUKYU88ii6xWP82Xz15O4OqF3GM1Pa4WXx4dEOa6QG6IqbM0JcfsAhae7TjVZf6Q==",
      "license": "MIT"
    },
    "node_modules/swiper": {
      "version": "12.2.0",
      "resolved": "https://registry.npmjs.org/swiper/-/swiper-12.2.0.tgz",
      "integrity": "sha512-K8uXsBZU6ME97Ia3xbBge8IRCnR1lOmIILzvY/jGVic7dSTQ530s3uO8RvXbPUtkkXLWIwmZLRPbtDxRWVAFdg==",
      "funding": [
        {
          "type": "custom",
          "url": "https://sponsors.nolimits4web.com"
        },
        {
          "type": "github",
          "url": "https://github.com/sponsors/nolimits4web"
        }
      ],
      "license": "MIT",
      "engines": {
        "node": ">= 4.7.0"
      }
    },
    "node_modules/three": {
      "version": "0.185.0",
      "resolved": "https://registry.npmjs.org/three/-/three-0.185.0.tgz",
      "integrity": "sha512-+yRrcRO2iZa8uzvNNl0d7cL4huhgKgBvVJ0njcTe8xFqZ6DMAFZdCKDP91SEAuj25bNAj7k1QQdf+srZywVK6w==",
      "license": "MIT"
    }
  }
}
